
Microsoft Visual Studio Solution File, Format Version 12.00
# Visual Studio Version 17
VisualStudioVersion = 17.10.35122.118
MinimumVisualStudioVersion = 10.0.40219.1
Project("{2150E333-8FDC-42A3-9474-1A3956D46DE8}") = "Task0", "Task0", "{27CFBEB0-EB96-4A19-BC77-36853059EB9F}"
EndProject
Project("{FAE04EC0-301F-11D3-BF4B-00C04F79EFBC}") = "Tyuiu.ManyakinNA.Sprint0.Task0.V0", "Tyuiu.ManyakinNA.Sprint0.Task0.V0\Tyuiu.ManyakinNA.Sprint0.Task0.V0.csproj", "{5F1D90A7-1D8C-4B6D-B484-5F64AEE1CC3E}"
EndProject
Project("{2150E333-8FDC-42A3-9474-1A3956D46DE8}") = "Task1", "Task1", "{D83EE48D-A93A-4E5E-9FFB-4D4CDB8A6271}"
EndProject
Project("{FAE04EC0-301F-11D3-BF4B-00C04F79EFBC}") = "Tyuiu.ManyakinNA.Sprint0.Taks1.V0", "Tyuiu.ManyakinNA.Sprint0.Taks1.V0\Tyuiu.ManyakinNA.Sprint0.Taks1.V0.csproj", "{79C0932C-AE6B-4F11-B1FA-B8EEB09A8215}"
EndProject
Project("{2150E333-8FDC-42A3-9474-1A3956D46DE8}") = "Task2", "Task2", "{9F46A66B-67A9-433D-BBC5-742FF7DD6764}"
EndProject
Project("{9A19103F-16F7-4668-BE54-9A1E7A4F7556}") = "Tyuiu.ManyakinNA.Sprint0.Task2.V0", "Tyuiu.ManyakinNA.Sprint0.Task2.V0\Tyuiu.ManyakinNA.Sprint0.Task2.V0.csproj", "{3DB6B308-8D14-45E4-8D33-36A10D12A6DA}"
EndProject
Project("{9A19103F-16F7-4668-BE54-9A1E7A4F7556}") = "Tyuiu.ManyakinNA.Sprint0.Task2.V0.Lib", "Tyuiu.ManyakinNA.Sprint0.Task2.V0.Lib\Tyuiu.ManyakinNA.Sprint0.Task2.V0.Lib.csproj", "{3CD3CFCD-F26D-47BD-ACD8-00402513BE9C}"
EndProject
Project("{FAE04EC0-301F-11D3-BF4B-00C04F79EFBC}") = "Tyuiu.ManyakinNA.Sprint0.Task2.V0.Test", "Tyuiu.ManyakinNA.Sprint0.Task2.V0.Test\Tyuiu.ManyakinNA.Sprint0.Task2.V0.Test.csproj", "{1A7036D7-3E6E-47EB-9B45-450E21D75CB5}"
EndProject
Global
	GlobalSection(SolutionConfigurationPlatforms) = preSolution
		Debug|Any CPU = Debug|Any CPU
		Release|Any CPU = Release|Any CPU
	EndGlobalSection
	GlobalSection(ProjectConfigurationPlatforms) = postSolution
		{5F1D90A7-1D8C-4B6D-B484-5F64AEE1CC3E}.Debug|Any CPU.ActiveCfg = Debug|Any CPU
		{5F1D90A7-1D8C-4B6D-B484-5F64AEE1CC3E}.Debug|Any CPU.Build.0 = Debug|Any CPU
		{5F1D90A7-1D8C-4B6D-B484-5F64AEE1CC3E}.Release|Any CPU.ActiveCfg = Release|Any CPU
		{5F1D90A7-1D8C-4B6D-B484-5F64AEE1CC3E}.Release|Any CPU.Build.0 = Release|Any CPU
		{79C0932C-AE6B-4F11-B1FA-B8EEB09A8215}.Debug|Any CPU.ActiveCfg = Debug|Any CPU
		{79C0932C-AE6B-4F11-B1FA-B8EEB09A8215}.Debug|Any CPU.Build.0 = Debug|Any CPU
		{79C0932C-AE6B-4F11-B1FA-B8EEB09A8215}.Release|Any CPU.ActiveCfg = Release|Any CPU
		{79C0932C-AE6B-4F11-B1FA-B8EEB09A8215}.Release|Any CPU.Build.0 = Release|Any CPU
		{3DB6B308-8D14-45E4-8D33-36A10D12A6DA}.Debug|Any CPU.ActiveCfg = Debug|Any CPU
		{3DB6B308-8D14-45E4-8D33-36A10D12A6DA}.Debug|Any CPU.Build.0 = Debug|Any CPU
		{3DB6B308-8D14-45E4-8D33-36A10D12A6DA}.Release|Any CPU.ActiveCfg = Release|Any CPU
		{3DB6B308-8D14-45E4-8D33-36A10D12A6DA}.Release|Any CPU.Build.0 = Release|Any CPU
		{3CD3CFCD-F26D-47BD-ACD8-00402513BE9C}.Debug|Any CPU.ActiveCfg = Debug|Any CPU
		{3CD3CFCD-F26D-47BD-ACD8-00402513BE9C}.Debug|Any CPU.Build.0 = Debug|Any CPU
		{3CD3CFCD-F26D-47BD-ACD8-00402513BE9C}.Release|Any CPU.ActiveCfg = Release|Any CPU
		{3CD3CFCD-F26D-47BD-ACD8-00402513BE9C}.Release|Any CPU.Build.0 = Release|Any CPU
		{1A7036D7-3E6E-47EB-9B45-450E21D75CB5}.Debug|Any CPU.ActiveCfg = Debug|Any CPU
		{1A7036D7-3E6E-47EB-9B45-450E21D75CB5}.Debug|Any CPU.Build.0 = Debug|Any CPU
		{1A7036D7-3E6E-47EB-9B45-450E21D75CB5}.Release|Any CPU.ActiveCfg = Release|Any CPU
		{1A7036D7-3E6E-47EB-9B45-450E21D75CB5}.Release|Any CPU.Build.0 = Release|Any CPU
	EndGlobalSection
	GlobalSection(SolutionProperties) = preSolution
		HideSolutionNode = FALSE
	EndGlobalSection
	GlobalSection(NestedProjects) = preSolution
		{5F1D90A7-1D8C-4B6D-B484-5F64AEE1CC3E} = {27CFBEB0-EB96-4A19-BC77-36853059EB9F}
		{79C0932C-AE6B-4F11-B1FA-B8EEB09A8215} = {D83EE48D-A93A-4E5E-9FFB-4D4CDB8A6271}
		{3DB6B308-8D14-45E4-8D33-36A10D12A6DA} = {9F46A66B-67A9-433D-BBC5-742FF7DD6764}
		{3CD3CFCD-F26D-47BD-ACD8-00402513BE9C} = {9F46A66B-67A9-433D-BBC5-742FF7DD6764}
		{1A7036D7-3E6E-47EB-9B45-450E21D75CB5} = {9F46A66B-67A9-433D-BBC5-742FF7DD6764}
	EndGlobalSection
	GlobalSection(ExtensibilityGlobals) = postSolution
		SolutionGuid = {91721862-191D-4ADB-99CA-5327B40CA551}
	EndGlobalSection
EndGlobal
